
Microsoft Visual Studio Solution File, Format Version 12.00
# Visual Studio Version 17
VisualStudioVersion = 17.3.32929.385
MinimumVisualStudioVersion = 10.0.40219.1
Project("{9A19103F-16F7-4668-BE54-9A1E7A4F7556}") = "OpenPanorama", "OpenPanorama.csproj", "{2CBDAC2E-39C8-4F41-8F8E-667E9C136B2E}"
EndProject
Global
	GlobalSection(SolutionConfigurationPlatforms) = preSolution
		Debug|Any CPU = Debug|Any CPU
		Debug|ARM64 = Debug|ARM64
		Release|Any CPU = Release|Any CPU
		Release|ARM64 = Release|ARM64
	EndGlobalSection
	GlobalSection(ProjectConfigurationPlatforms) = postSolution
		{2CBDAC2E-39C8-4F41-8F8E-667E9C136B2E}.Debug|Any CPU.ActiveCfg = Debug|Any CPU
		{2CBDAC2E-39C8-4F41-8F8E-667E9C136B2E}.Debug|Any CPU.Build.0 = Debug|Any CPU
		{2CBDAC2E-39C8-4F41-8F8E-667E9C136B2E}.Debug|ARM64.ActiveCfg = Debug|ARM64
		{2CBDAC2E-39C8-4F41-8F8E-667E9C136B2E}.Debug|ARM64.Build.0 = Debug|ARM64
		{2CBDAC2E-39C8-4F41-8F8E-667E9C136B2E}.Release|Any CPU.ActiveCfg = Release|Any CPU
		{2CBDAC2E-39C8-4F41-8F8E-667E9C136B2E}.Release|Any CPU.Build.0 = Release|Any CPU
		{2CBDAC2E-39C8-4F41-8F8E-667E9C136B2E}.Release|ARM64.ActiveCfg = Release|ARM64
		{2CBDAC2E-39C8-4F41-8F8E-667E9C136B2E}.Release|ARM64.Build.0 = Release|ARM64
	EndGlobalSection
	GlobalSection(SolutionProperties) = preSolution
		HideSolutionNode = FALSE
	EndGlobalSection
	GlobalSection(ExtensibilityGlobals) = postSolution
		SolutionGuid = {C0C712E6-E7AD-49C2-9BB4-8D30345A1294}
	EndGlobalSection
EndGlobal
